
Microsoft Visual Studio Solution File, Format Version 12.00
# Visual Studio Version 16
VisualStudioVersion = 16.0.32901.82
MinimumVisualStudioVersion = 10.0.40219.1
Project("{FAE04EC0-301F-11D3-BF4B-00C04F79EFBC}") = "RockPaperScissors", "RockPaperScissors\RockPaperScissors.csproj", "{EF44DD4F-0EDC-4310-81D8-A6C1859646BC}"
EndProject
Global
	GlobalSection(SolutionConfigurationPlatforms) = preSolution
		Debug|Any CPU = Debug|Any CPU
		Release|Any CPU = Release|Any CPU
	EndGlobalSection
	GlobalSection(ProjectConfigurationPlatforms) = postSolution
		{EF44DD4F-0EDC-4310-81D8-A6C1859646BC}.Debug|Any CPU.ActiveCfg = Debug|Any CPU
		{EF44DD4F-0EDC-4310-81D8-A6C1859646BC}.Debug|Any CPU.Build.0 = Debug|Any CPU
		{EF44DD4F-0EDC-4310-81D8-A6C1859646BC}.Release|Any CPU.ActiveCfg = Release|Any CPU
		{EF44DD4F-0EDC-4310-81D8-A6C1859646BC}.Release|Any CPU.Build.0 = Release|Any CPU
	EndGlobalSection
	GlobalSection(SolutionProperties) = preSolution
		HideSolutionNode = FALSE
	EndGlobalSection
	GlobalSection(ExtensibilityGlobals) = postSolution
		SolutionGuid = {6475AAA1-B77E-4F6C-B3A1-428BA1D889B9}
	EndGlobalSection
EndGlobal
